
Microsoft Visual Studio Solution File, Format Version 12.00
# Visual Studio Version 16
VisualStudioVersion = 16.0.30621.155
MinimumVisualStudioVersion = 10.0.40219.1
Project("{FAE04EC0-301F-11D3-BF4B-00C04F79EFBC}") = "exemplosMongoDB", "exemplosMongoDB\exemplosMongoDB.csproj", "{A8A4BA0C-26C5-4A4C-9EB0-CE1CA175F971}"
EndProject
Global
	GlobalSection(SolutionConfigurationPlatforms) = preSolution
		Debug|Any CPU = Debug|Any CPU
		Release|Any CPU = Release|Any CPU
	EndGlobalSection
	GlobalSection(ProjectConfigurationPlatforms) = postSolution
		{A8A4BA0C-26C5-4A4C-9EB0-CE1CA175F971}.Debug|Any CPU.ActiveCfg = Debug|Any CPU
		{A8A4BA0C-26C5-4A4C-9EB0-CE1CA175F971}.Debug|Any CPU.Build.0 = Debug|Any CPU
		{A8A4BA0C-26C5-4A4C-9EB0-CE1CA175F971}.Release|Any CPU.ActiveCfg = Release|Any CPU
		{A8A4BA0C-26C5-4A4C-9EB0-CE1CA175F971}.Release|Any CPU.Build.0 = Release|Any CPU
	EndGlobalSection
	GlobalSection(SolutionProperties) = preSolution
		HideSolutionNode = FALSE
	EndGlobalSection
	GlobalSection(ExtensibilityGlobals) = postSolution
		SolutionGuid = {BC9B874B-E7C1-4170-A06D-F70848EC30DA}
	EndGlobalSection
EndGlobal
